
Microsoft Visual Studio Solution File, Format Version 12.00
# Visual Studio Version 16
VisualStudioVersion = 16.0.30804.86
MinimumVisualStudioVersion = 10.0.40219.1
Project("{FAE04EC0-301F-11D3-BF4B-00C04F79EFBC}") = "l001", "l001\l001.csproj", "{575AE98C-13CE-4FC4-96D5-A9D192F36C8E}"
EndProject
Global
	GlobalSection(SolutionConfigurationPlatforms) = preSolution
		Debug|Any CPU = Debug|Any CPU
		Release|Any CPU = Release|Any CPU
	EndGlobalSection
	GlobalSection(ProjectConfigurationPlatforms) = postSolution
		{575AE98C-13CE-4FC4-96D5-A9D192F36C8E}.Debug|Any CPU.ActiveCfg = Debug|Any CPU
		{575AE98C-13CE-4FC4-96D5-A9D192F36C8E}.Debug|Any CPU.Build.0 = Debug|Any CPU
		{575AE98C-13CE-4FC4-96D5-A9D192F36C8E}.Release|Any CPU.ActiveCfg = Release|Any CPU
		{575AE98C-13CE-4FC4-96D5-A9D192F36C8E}.Release|Any CPU.Build.0 = Release|Any CPU
	EndGlobalSection
	GlobalSection(SolutionProperties) = preSolution
		HideSolutionNode = FALSE
	EndGlobalSection
	GlobalSection(ExtensibilityGlobals) = postSolution
		SolutionGuid = {F9DDCA2D-D845-4108-A941-6C2EB200FE22}
	EndGlobalSection
EndGlobal
